Microsoft Visual Studio Solution File, Format Version 11.00
# Visual Studio 2010
Project("{2150E333-8FDC-42A3-9474-1A3956D46DE8}") = "ProgrammersGuide", "ProgrammersGuide", "{00F0F38F-4FAC-4202-B5CA-4BFDEB6DBA3C}"
EndProject
Project("{2150E333-8FDC-42A3-9474-1A3956D46DE8}") = "PowerPoint2007", "PowerPoint2007", "{C98FCA39-CA44-4530-95F6-5F2F9E80BD36}"
EndProject
Project("{2150E333-8FDC-42A3-9474-1A3956D46DE8}") = "WorkingWithPresentationEx", "WorkingWithPresentationEx", "{47CC495D-F20C-4371-BB39-7DE65073C799}"
EndProject
Project("{2150E333-8FDC-42A3-9474-1A3956D46DE8}") = "WorkingWithSlidesInPresentationEx", "WorkingWithSlidesInPresentationEx", "{6680950A-3E07-4F96-B771-CEA4585E98CB}"
EndProject
Project("{2150E333-8FDC-42A3-9474-1A3956D46DE8}") = "WorkingWithShapesEx", "WorkingWithShapesEx", "{AD52C295-5910-4B76-9D15-17E2ED45B6E0}"
EndProject
Project("{2150E333-8FDC-42A3-9474-1A3956D46DE8}") = "AddingLineShapeToSlideEx", "AddingLineShapeToSlideEx", "{97EA2458-2664-40E7-B30C-0E8BA49A664B}"
EndProject
Project("{2150E333-8FDC-42A3-9474-1A3956D46DE8}") = "WorkingWithCharts", "WorkingWithCharts", "{86AB26E0-C8D7-4469-8A88-4E485EA17B78}"
EndProject
Project("{2150E333-8FDC-42A3-9474-1A3956D46DE8}") = "CreatingChartFromScratch", "CreatingChartFromScratch", "{A16DF076-1743-42F4-B4AA-782228FBB4ED}"
EndProject
Project("{2150E333-8FDC-42A3-9474-1A3956D46DE8}") = "WorkingWithTablesEx", "WorkingWithTablesEx", "{B2FE79F7-30A9-4267-B2C7-BFE351480DDD}"
EndProject
Project("{2150E333-8FDC-42A3-9474-1A3956D46DE8}") = "WorkingWithTextInPresentationEx", "WorkingWithTextInPresentationEx", "{A9E9D73E-4462-4B01-9B82-DD8912A75C54}"
EndProject
Project("{2150E333-8FDC-42A3-9474-1A3956D46DE8}") = "PowerPoint97_2003", "PowerPoint97_2003", "{C7579760-6C51-4FF1-A9D9-EE43F7CA9D33}"
EndProject
Project("{2150E333-8FDC-42A3-9474-1A3956D46DE8}") = "Introduction", "Introduction", "{506E5A85-F5BC-4145-BB70-E48BA1FFC1EE}"
EndProject
Project("{2150E333-8FDC-42A3-9474-1A3956D46DE8}") = "WorkingWithPresentation", "WorkingWithPresentation", "{F9A7074E-D9F2-48A8-9AFA-99449728D0C6}"
EndProject
Project("{FAE04EC0-301F-11D3-BF4B-00C04F79EFBC}") = "ConvertingToPDFFile", "ProgrammersGuide\PowerPoint97_2003\WorkingWithPresentation\ConvertingToPDFFile\CSharp\ConvertingToPDFFile.csproj", "{47738644-F284-4ECF-9FEF-502B37B157AF}"
EndProject
Project("{2150E333-8FDC-42A3-9474-1A3956D46DE8}") = "OpenPresentation", "OpenPresentation", "{66466402-A620-463B-848E-03B31C05A52D}"
EndProject
Project("{2150E333-8FDC-42A3-9474-1A3956D46DE8}") = "SavePresentation", "SavePresentation", "{920C4FE3-05B7-4575-95F2-726C7D48ED52}"
EndProject
Project("{2150E333-8FDC-42A3-9474-1A3956D46DE8}") = "WorkingWithSlides", "WorkingWithSlides", "{B76DDBAE-1CDC-4C23-9CC9-8B690D3146A7}"
EndProject
Project("{2150E333-8FDC-42A3-9474-1A3956D46DE8}") = "WorkingWithPPTSlideComments", "WorkingWithPPTSlideComments", "{3EB0C585-DA9C-4B17-85E5-6179A07FAF6F}"
EndProject
Project("{2150E333-8FDC-42A3-9474-1A3956D46DE8}") = "WorkingWithShapes", "WorkingWithShapes", "{01EE39C8-1D3E-4183-BA00-55CE5036570D}"
EndProject
Project("{2150E333-8FDC-42A3-9474-1A3956D46DE8}") = "ApplyingAnimationsOnShapes", "ApplyingAnimationsOnShapes", "{7A35E534-CA26-40A1-9F34-7E380DC66C63}"
EndProject
Project("{2150E333-8FDC-42A3-9474-1A3956D46DE8}") = "FillingShapesWithGradient", "FillingShapesWithGradient", "{37E32EDE-C1EF-41C0-84BB-B4CDB824F239}"
EndProject
Global
	GlobalSection(SolutionConfigurationPlatforms) = preSolution
		Debug|Any CPU = Debug|Any CPU
		Release|Any CPU = Release|Any CPU
	EndGlobalSection
	GlobalSection(ProjectConfigurationPlatforms) = postSolution
		{47738644-F284-4ECF-9FEF-502B37B157AF}.Debug|Any CPU.ActiveCfg = Debug|Any CPU
		{47738644-F284-4ECF-9FEF-502B37B157AF}.Debug|Any CPU.Build.0 = Debug|Any CPU
		{47738644-F284-4ECF-9FEF-502B37B157AF}.Release|Any CPU.ActiveCfg = Release|Any CPU
	EndGlobalSection
	GlobalSection(SolutionProperties) = preSolution
		HideSolutionNode = FALSE
	EndGlobalSection
	GlobalSection(NestedProjects) = preSolution
		{C98FCA39-CA44-4530-95F6-5F2F9E80BD36} = {00F0F38F-4FAC-4202-B5CA-4BFDEB6DBA3C}
		{47CC495D-F20C-4371-BB39-7DE65073C799} = {C98FCA39-CA44-4530-95F6-5F2F9E80BD36}
		{6680950A-3E07-4F96-B771-CEA4585E98CB} = {C98FCA39-CA44-4530-95F6-5F2F9E80BD36}
		{AD52C295-5910-4B76-9D15-17E2ED45B6E0} = {C98FCA39-CA44-4530-95F6-5F2F9E80BD36}
		{97EA2458-2664-40E7-B30C-0E8BA49A664B} = {AD52C295-5910-4B76-9D15-17E2ED45B6E0}
		{86AB26E0-C8D7-4469-8A88-4E485EA17B78} = {C98FCA39-CA44-4530-95F6-5F2F9E80BD36}
		{A16DF076-1743-42F4-B4AA-782228FBB4ED} = {86AB26E0-C8D7-4469-8A88-4E485EA17B78}
		{B2FE79F7-30A9-4267-B2C7-BFE351480DDD} = {C98FCA39-CA44-4530-95F6-5F2F9E80BD36}
		{A9E9D73E-4462-4B01-9B82-DD8912A75C54} = {C98FCA39-CA44-4530-95F6-5F2F9E80BD36}
		{C7579760-6C51-4FF1-A9D9-EE43F7CA9D33} = {00F0F38F-4FAC-4202-B5CA-4BFDEB6DBA3C}
		{506E5A85-F5BC-4145-BB70-E48BA1FFC1EE} = {C7579760-6C51-4FF1-A9D9-EE43F7CA9D33}
		{F9A7074E-D9F2-48A8-9AFA-99449728D0C6} = {C7579760-6C51-4FF1-A9D9-EE43F7CA9D33}
		{47738644-F284-4ECF-9FEF-502B37B157AF} = {F9A7074E-D9F2-48A8-9AFA-99449728D0C6}
		{66466402-A620-463B-848E-03B31C05A52D} = {F9A7074E-D9F2-48A8-9AFA-99449728D0C6}
		{920C4FE3-05B7-4575-95F2-726C7D48ED52} = {F9A7074E-D9F2-48A8-9AFA-99449728D0C6}
		{B76DDBAE-1CDC-4C23-9CC9-8B690D3146A7} = {C7579760-6C51-4FF1-A9D9-EE43F7CA9D33}
		{3EB0C585-DA9C-4B17-85E5-6179A07FAF6F} = {B76DDBAE-1CDC-4C23-9CC9-8B690D3146A7}
		{01EE39C8-1D3E-4183-BA00-55CE5036570D} = {C7579760-6C51-4FF1-A9D9-EE43F7CA9D33}
		{7A35E534-CA26-40A1-9F34-7E380DC66C63} = {01EE39C8-1D3E-4183-BA00-55CE5036570D}
		{37E32EDE-C1EF-41C0-84BB-B4CDB824F239} = {01EE39C8-1D3E-4183-BA00-55CE5036570D}
	EndGlobalSection
EndGlobal
